github.com/eggz6/common v0.0.0-20201110104709-1094035e4de7 h1:Cf89ahNF6D7Kjvn28Jsz0NxpV4aTEyeaEZrTbC1Kerc=
github.com/eggz6/common/dealer v0.0.0-20201110104709-1094035e4de7 h1:Fm7K7pWABzUt1/bFDzcLnjd3U9x0HU5gzlUClHsMLqE=
github.com/eggz6/common/dealer v0.0.0-20201110104709-1094035e4de7/go.mod h1:TgQ+DORSvkMasn0EM0c2cc7yyvXex/ECYXgPpjGKaUE=
